
Microsoft Visual Studio Solution File, Format Version 12.00
# Visual Studio Version 17
VisualStudioVersion = 17.8.34309.116
MinimumVisualStudioVersion = 10.0.40219.1
Project("{9A19103F-16F7-4668-BE54-9A1E7A4F7556}") = "SampleModule", "SampleModule\SampleModule.csproj", "{88222F48-728C-40B3-BC90-36B50F5E6567}"
EndProject
Project("{9A19103F-16F7-4668-BE54-9A1E7A4F7556}") = "WpfCodeBehind", "WpfCodeBehind\WpfCodeBehind.csproj", "{36F444B7-9206-4C2F-A875-E96EDBFCE1BD}"
EndProject
Project("{9A19103F-16F7-4668-BE54-9A1E7A4F7556}") = "TestSampleModule", "TestSampleModule\TestSampleModule.csproj", "{5EAA9131-8B6B-415C-A088-7F841CEF2458}"
EndProject
Project("{9A19103F-16F7-4668-BE54-9A1E7A4F7556}") = "WpfMVVM", "WpfMVVM\WpfMVVM.csproj", "{A0476075-0185-4B8F-A7F9-F9B7AA7C69CB}"
EndProject
Global
	GlobalSection(SolutionConfigurationPlatforms) = preSolution
		Debug|Any CPU = Debug|Any CPU
		Release|Any CPU = Release|Any CPU
	EndGlobalSection
	GlobalSection(ProjectConfigurationPlatforms) = postSolution
		{88222F48-728C-40B3-BC90-36B50F5E6567}.Debug|Any CPU.ActiveCfg = Debug|Any CPU
		{88222F48-728C-40B3-BC90-36B50F5E6567}.Debug|Any CPU.Build.0 = Debug|Any CPU
		{88222F48-728C-40B3-BC90-36B50F5E6567}.Release|Any CPU.ActiveCfg = Release|Any CPU
		{88222F48-728C-40B3-BC90-36B50F5E6567}.Release|Any CPU.Build.0 = Release|Any CPU
		{36F444B7-9206-4C2F-A875-E96EDBFCE1BD}.Debug|Any CPU.ActiveCfg = Debug|Any CPU
		{36F444B7-9206-4C2F-A875-E96EDBFCE1BD}.Debug|Any CPU.Build.0 = Debug|Any CPU
		{36F444B7-9206-4C2F-A875-E96EDBFCE1BD}.Release|Any CPU.ActiveCfg = Release|Any CPU
		{36F444B7-9206-4C2F-A875-E96EDBFCE1BD}.Release|Any CPU.Build.0 = Release|Any CPU
		{5EAA9131-8B6B-415C-A088-7F841CEF2458}.Debug|Any CPU.ActiveCfg = Debug|Any CPU
		{5EAA9131-8B6B-415C-A088-7F841CEF2458}.Debug|Any CPU.Build.0 = Debug|Any CPU
		{5EAA9131-8B6B-415C-A088-7F841CEF2458}.Release|Any CPU.ActiveCfg = Release|Any CPU
		{5EAA9131-8B6B-415C-A088-7F841CEF2458}.Release|Any CPU.Build.0 = Release|Any CPU
		{A0476075-0185-4B8F-A7F9-F9B7AA7C69CB}.Debug|Any CPU.ActiveCfg = Debug|Any CPU
		{A0476075-0185-4B8F-A7F9-F9B7AA7C69CB}.Debug|Any CPU.Build.0 = Debug|Any CPU
		{A0476075-0185-4B8F-A7F9-F9B7AA7C69CB}.Release|Any CPU.ActiveCfg = Release|Any CPU
		{A0476075-0185-4B8F-A7F9-F9B7AA7C69CB}.Release|Any CPU.Build.0 = Release|Any CPU
	EndGlobalSection
	GlobalSection(SolutionProperties) = preSolution
		HideSolutionNode = FALSE
	EndGlobalSection
	GlobalSection(ExtensibilityGlobals) = postSolution
		SolutionGuid = {C9A40B75-B712-4437-961B-B05E76AA18FA}
	EndGlobalSection
EndGlobal
